
Microsoft Visual Studio Solution File, Format Version 12.00
# Visual Studio Version 17
VisualStudioVersion = 17.9.34728.123
MinimumVisualStudioVersion = 10.0.40219.1
Project("{FAE04EC0-301F-11D3-BF4B-00C04F79EFBC}") = "ProyectoDAW", "ProyectoDAW\ProyectoDAW.csproj", "{915C6CDA-095D-42C8-A4F4-3C4EF57CFC84}"
EndProject
Global
	GlobalSection(SolutionConfigurationPlatforms) = preSolution
		Debug|Any CPU = Debug|Any CPU
		Release|Any CPU = Release|Any CPU
	EndGlobalSection
	GlobalSection(ProjectConfigurationPlatforms) = postSolution
		{915C6CDA-095D-42C8-A4F4-3C4EF57CFC84}.Debug|Any CPU.ActiveCfg = Debug|Any CPU
		{915C6CDA-095D-42C8-A4F4-3C4EF57CFC84}.Debug|Any CPU.Build.0 = Debug|Any CPU
		{915C6CDA-095D-42C8-A4F4-3C4EF57CFC84}.Release|Any CPU.ActiveCfg = Release|Any CPU
		{915C6CDA-095D-42C8-A4F4-3C4EF57CFC84}.Release|Any CPU.Build.0 = Release|Any CPU
	EndGlobalSection
	GlobalSection(SolutionProperties) = preSolution
		HideSolutionNode = FALSE
	EndGlobalSection
	GlobalSection(ExtensibilityGlobals) = postSolution
		SolutionGuid = {EDAC0361-AF37-41A5-99C5-4EBE1EA16239}
	EndGlobalSection
EndGlobal
